
Microsoft Visual Studio Solution File, Format Version 12.00
# Visual Studio 2012
Project("{FAE04EC0-301F-11D3-BF4B-00C04F79EFBC}") = "SqlServerTools", "SqlServerTools\SqlServerTools.csproj", "{E4D68A3B-E966-4ECE-A39F-834342826A75}"
EndProject
Project("{FAE04EC0-301F-11D3-BF4B-00C04F79EFBC}") = "SqlExpressProfiler", "SqlExpressProfiler\SqlExpressProfiler.csproj", "{FB3B337B-31A7-4C21-B8E2-ED9469B73ECC}"
EndProject
Global
	GlobalSection(SolutionConfigurationPlatforms) = preSolution
		Debug|Any CPU = Debug|Any CPU
		Release|Any CPU = Release|Any CPU
	EndGlobalSection
	GlobalSection(ProjectConfigurationPlatforms) = postSolution
		{E4D68A3B-E966-4ECE-A39F-834342826A75}.Debug|Any CPU.ActiveCfg = Debug|Any CPU
		{E4D68A3B-E966-4ECE-A39F-834342826A75}.Debug|Any CPU.Build.0 = Debug|Any CPU
		{E4D68A3B-E966-4ECE-A39F-834342826A75}.Release|Any CPU.ActiveCfg = Release|Any CPU
		{E4D68A3B-E966-4ECE-A39F-834342826A75}.Release|Any CPU.Build.0 = Release|Any CPU
		{FB3B337B-31A7-4C21-B8E2-ED9469B73ECC}.Debug|Any CPU.ActiveCfg = Debug|Any CPU
		{FB3B337B-31A7-4C21-B8E2-ED9469B73ECC}.Debug|Any CPU.Build.0 = Debug|Any CPU
		{FB3B337B-31A7-4C21-B8E2-ED9469B73ECC}.Release|Any CPU.ActiveCfg = Release|Any CPU
		{FB3B337B-31A7-4C21-B8E2-ED9469B73ECC}.Release|Any CPU.Build.0 = Release|Any CPU
	EndGlobalSection
	GlobalSection(SolutionProperties) = preSolution
		HideSolutionNode = FALSE
	EndGlobalSection
EndGlobal
